
Microsoft Visual Studio Solution File, Format Version 12.00
# Visual Studio Version 17
VisualStudioVersion = 17.11.35327.3
MinimumVisualStudioVersion = 10.0.40219.1
Project("{FAE04EC0-301F-11D3-BF4B-00C04F79EFBC}") = "LAB3_SIWON", "LAB3_SIWON.csproj", "{0322C513-6E30-481A-B43A-845F753CAAB8}"
EndProject
Global
	GlobalSection(SolutionConfigurationPlatforms) = preSolution
		Debug|Any CPU = Debug|Any CPU
		Release|Any CPU = Release|Any CPU
	EndGlobalSection
	GlobalSection(ProjectConfigurationPlatforms) = postSolution
		{0322C513-6E30-481A-B43A-845F753CAAB8}.Debug|Any CPU.ActiveCfg = Debug|Any CPU
		{0322C513-6E30-481A-B43A-845F753CAAB8}.Debug|Any CPU.Build.0 = Debug|Any CPU
		{0322C513-6E30-481A-B43A-845F753CAAB8}.Release|Any CPU.ActiveCfg = Release|Any CPU
		{0322C513-6E30-481A-B43A-845F753CAAB8}.Release|Any CPU.Build.0 = Release|Any CPU
	EndGlobalSection
	GlobalSection(SolutionProperties) = preSolution
		HideSolutionNode = FALSE
	EndGlobalSection
	GlobalSection(ExtensibilityGlobals) = postSolution
		SolutionGuid = {506D8F4E-684B-46EA-8532-0E447690E636}
	EndGlobalSection
EndGlobal
